
Microsoft Visual Studio Solution File, Format Version 12.00
# Visual Studio 15
VisualStudioVersion = 15.0.27924.0
MinimumVisualStudioVersion = 10.0.40219.1
Project("{FAE04EC0-301F-11D3-BF4B-00C04F79EFBC}") = "LostObjects.Android", "LostObjects\LostObjects.Android\LostObjects.Android.csproj", "{BE66EEFC-9A44-4DC0-A7D2-2778C370CA7F}"
EndProject
Project("{FAE04EC0-301F-11D3-BF4B-00C04F79EFBC}") = "LostObjects.iOS", "LostObjects\LostObjects.iOS\LostObjects.iOS.csproj", "{C33FB34B-DF91-4AD5-9F19-A1B9F84C2FEC}"
EndProject
Project("{9A19103F-16F7-4668-BE54-9A1E7A4F7556}") = "LostObjects", "LostObjects\LostObjects\LostObjects.csproj", "{454B2225-15AE-4857-A273-EC38FC30A0A1}"
EndProject
Project("{FAE04EC0-301F-11D3-BF4B-00C04F79EFBC}") = "LostObjects.Backend", "LostObjects.Backend\LostObjects.Backend.csproj", "{B202B64A-8EBC-4072-98B5-8D244CB4550F}"
EndProject
Project("{FAE04EC0-301F-11D3-BF4B-00C04F79EFBC}") = "LostObjects.API", "LostObjects.API\LostObjects.API.csproj", "{CA73E772-1D15-450E-935D-14E76503A6F6}"
EndProject
Project("{FAE04EC0-301F-11D3-BF4B-00C04F79EFBC}") = "LostObjects.Domain", "LostObjects.Domain\LostObjects.Domain.csproj", "{CFADA380-B83B-41E6-A03B-533EBAC55C6F}"
EndProject
Project("{FAE04EC0-301F-11D3-BF4B-00C04F79EFBC}") = "LostObjects.Common", "LostObjects.Common\LostObjects.Common.csproj", "{901B47A5-2C13-4E8D-9F53-49EA8F4B0AA3}"
EndProject
Global
	GlobalSection(SolutionConfigurationPlatforms) = preSolution
		Ad-Hoc|Any CPU = Ad-Hoc|Any CPU
		Ad-Hoc|iPhone = Ad-Hoc|iPhone
		Ad-Hoc|iPhoneSimulator = Ad-Hoc|iPhoneSimulator
		AppStore|Any CPU = AppStore|Any CPU
		AppStore|iPhone = AppStore|iPhone
		AppStore|iPhoneSimulator = AppStore|iPhoneSimulator
		Debug|Any CPU = Debug|Any CPU
		Debug|iPhone = Debug|iPhone
		Debug|iPhoneSimulator = Debug|iPhoneSimulator
		Release|Any CPU = Release|Any CPU
		Release|iPhone = Release|iPhone
		Release|iPhoneSimulator = Release|iPhoneSimulator
	EndGlobalSection
	GlobalSection(ProjectConfigurationPlatforms) = postSolution
		{BE66EEFC-9A44-4DC0-A7D2-2778C370CA7F}.Ad-Hoc|Any CPU.ActiveCfg = Release|Any CPU
		{BE66EEFC-9A44-4DC0-A7D2-2778C370CA7F}.Ad-Hoc|Any CPU.Build.0 = Release|Any CPU
		{BE66EEFC-9A44-4DC0-A7D2-2778C370CA7F}.Ad-Hoc|Any CPU.Deploy.0 = Release|Any CPU
		{BE66EEFC-9A44-4DC0-A7D2-2778C370CA7F}.Ad-Hoc|iPhone.ActiveCfg = Release|Any CPU
		{BE66EEFC-9A44-4DC0-A7D2-2778C370CA7F}.Ad-Hoc|iPhone.Build.0 = Release|Any CPU
		{BE66EEFC-9A44-4DC0-A7D2-2778C370CA7F}.Ad-Hoc|iPhone.Deploy.0 = Release|Any CPU
		{BE66EEFC-9A44-4DC0-A7D2-2778C370CA7F}.Ad-Hoc|iPhoneSimulator.ActiveCfg = Release|Any CPU
		{BE66EEFC-9A44-4DC0-A7D2-2778C370CA7F}.Ad-Hoc|iPhoneSimulator.Build.0 = Release|Any CPU
		{BE66EEFC-9A44-4DC0-A7D2-2778C370CA7F}.Ad-Hoc|iPhoneSimulator.Deploy.0 = Release|Any CPU
		{BE66EEFC-9A44-4DC0-A7D2-2778C370CA7F}.AppStore|Any CPU.ActiveCfg = Release|Any CPU
		{BE66EEFC-9A44-4DC0-A7D2-2778C370CA7F}.AppStore|Any CPU.Build.0 = Release|Any CPU
		{BE66EEFC-9A44-4DC0-A7D2-2778C370CA7F}.AppStore|Any CPU.Deploy.0 = Release|Any CPU
		{BE66EEFC-9A44-4DC0-A7D2-2778C370CA7F}.AppStore|iPhone.ActiveCfg = Release|Any CPU
		{BE66EEFC-9A44-4DC0-A7D2-2778C370CA7F}.AppStore|iPhone.Build.0 = Release|Any CPU
		{BE66EEFC-9A44-4DC0-A7D2-2778C370CA7F}.AppStore|iPhone.Deploy.0 = Release|Any CPU
		{BE66EEFC-9A44-4DC0-A7D2-2778C370CA7F}.AppStore|iPhoneSimulator.ActiveCfg = Release|Any CPU
		{BE66EEFC-9A44-4DC0-A7D2-2778C370CA7F}.AppStore|iPhoneSimulator.Build.0 = Release|Any CPU
		{BE66EEFC-9A44-4DC0-A7D2-2778C370CA7F}.AppStore|iPhoneSimulator.Deploy.0 = Release|Any CPU
		{BE66EEFC-9A44-4DC0-A7D2-2778C370CA7F}.Debug|Any CPU.ActiveCfg = Debug|Any CPU
		{BE66EEFC-9A44-4DC0-A7D2-2778C370CA7F}.Debug|Any CPU.Build.0 = Debug|Any CPU
		{BE66EEFC-9A44-4DC0-A7D2-2778C370CA7F}.Debug|Any CPU.Deploy.0 = Debug|Any CPU
		{BE66EEFC-9A44-4DC0-A7D2-2778C370CA7F}.Debug|iPhone.ActiveCfg = Debug|Any CPU
		{BE66EEFC-9A44-4DC0-A7D2-2778C370CA7F}.Debug|iPhone.Build.0 = Debug|Any CPU
		{BE66EEFC-9A44-4DC0-A7D2-2778C370CA7F}.Debug|iPhone.Deploy.0 = Debug|Any CPU
		{BE66EEFC-9A44-4DC0-A7D2-2778C370CA7F}.Debug|iPhoneSimulator.ActiveCfg = Debug|Any CPU
		{BE66EEFC-9A44-4DC0-A7D2-2778C370CA7F}.Debug|iPhoneSimulator.Build.0 = Debug|Any CPU
		{BE66EEFC-9A44-4DC0-A7D2-2778C370CA7F}.Debug|iPhoneSimulator.Deploy.0 = Debug|Any CPU
		{BE66EEFC-9A44-4DC0-A7D2-2778C370CA7F}.Release|Any CPU.ActiveCfg = Release|Any CPU
		{BE66EEFC-9A44-4DC0-A7D2-2778C370CA7F}.Release|Any CPU.Build.0 = Release|Any CPU
		{BE66EEFC-9A44-4DC0-A7D2-2778C370CA7F}.Release|Any CPU.Deploy.0 = Release|Any CPU
		{BE66EEFC-9A44-4DC0-A7D2-2778C370CA7F}.Release|iPhone.ActiveCfg = Release|Any CPU
		{BE66EEFC-9A44-4DC0-A7D2-2778C370CA7F}.Release|iPhone.Build.0 = Release|Any CPU
		{BE66EEFC-9A44-4DC0-A7D2-2778C370CA7F}.Release|iPhone.Deploy.0 = Release|Any CPU
		{BE66EEFC-9A44-4DC0-A7D2-2778C370CA7F}.Release|iPhoneSimulator.ActiveCfg = Release|Any CPU
		{BE66EEFC-9A44-4DC0-A7D2-2778C370CA7F}.Release|iPhoneSimulator.Build.0 = Release|Any CPU
		{BE66EEFC-9A44-4DC0-A7D2-2778C370CA7F}.Release|iPhoneSimulator.Deploy.0 = Release|Any CPU
		{C33FB34B-DF91-4AD5-9F19-A1B9F84C2FEC}.Ad-Hoc|Any CPU.ActiveCfg = Ad-Hoc|iPhone
		{C33FB34B-DF91-4AD5-9F19-A1B9F84C2FEC}.Ad-Hoc|Any CPU.Build.0 = Ad-Hoc|iPhone
		{C33FB34B-DF91-4AD5-9F19-A1B9F84C2FEC}.Ad-Hoc|Any CPU.Deploy.0 = Ad-Hoc|iPhone
		{C33FB34B-DF91-4AD5-9F19-A1B9F84C2FEC}.Ad-Hoc|iPhone.ActiveCfg = Ad-Hoc|iPhone
		{C33FB34B-DF91-4AD5-9F19-A1B9F84C2FEC}.Ad-Hoc|iPhone.Build.0 = Ad-Hoc|iPhone
		{C33FB34B-DF91-4AD5-9F19-A1B9F84C2FEC}.Ad-Hoc|iPhone.Deploy.0 = Ad-Hoc|iPhone
		{C33FB34B-DF91-4AD5-9F19-A1B9F84C2FEC}.Ad-Hoc|iPhoneSimulator.ActiveCfg = Ad-Hoc|iPhoneSimulator
		{C33FB34B-DF91-4AD5-9F19-A1B9F84C2FEC}.Ad-Hoc|iPhoneSimulator.Build.0 = Ad-Hoc|iPhoneSimulator
		{C33FB34B-DF91-4AD5-9F19-A1B9F84C2FEC}.Ad-Hoc|iPhoneSimulator.Deploy.0 = Ad-Hoc|iPhoneSimulator
		{C33FB34B-DF91-4AD5-9F19-A1B9F84C2FEC}.AppStore|Any CPU.ActiveCfg = AppStore|iPhone
		{C33FB34B-DF91-4AD5-9F19-A1B9F84C2FEC}.AppStore|Any CPU.Build.0 = AppStore|iPhone
		{C33FB34B-DF91-4AD5-9F19-A1B9F84C2FEC}.AppStore|Any CPU.Deploy.0 = AppStore|iPhone
		{C33FB34B-DF91-4AD5-9F19-A1B9F84C2FEC}.AppStore|iPhone.ActiveCfg = AppStore|iPhone
		{C33FB34B-DF91-4AD5-9F19-A1B9F84C2FEC}.AppStore|iPhone.Build.0 = AppStore|iPhone
		{C33FB34B-DF91-4AD5-9F19-A1B9F84C2FEC}.AppStore|iPhone.Deploy.0 = AppStore|iPhone
		{C33FB34B-DF91-4AD5-9F19-A1B9F84C2FEC}.AppStore|iPhoneSimulator.ActiveCfg = AppStore|iPhoneSimulator
		{C33FB34B-DF91-4AD5-9F19-A1B9F84C2FEC}.AppStore|iPhoneSimulator.Build.0 = AppStore|iPhoneSimulator
		{C33FB34B-DF91-4AD5-9F19-A1B9F84C2FEC}.AppStore|iPhoneSimulator.Deploy.0 = AppStore|iPhoneSimulator
		{C33FB34B-DF91-4AD5-9F19-A1B9F84C2FEC}.Debug|Any CPU.ActiveCfg = Debug|iPhoneSimulator
		{C33FB34B-DF91-4AD5-9F19-A1B9F84C2FEC}.Debug|Any CPU.Build.0 = Debug|iPhoneSimulator
		{C33FB34B-DF91-4AD5-9F19-A1B9F84C2FEC}.Debug|Any CPU.Deploy.0 = Debug|iPhoneSimulator
		{C33FB34B-DF91-4AD5-9F19-A1B9F84C2FEC}.Debug|iPhone.ActiveCfg = Debug|iPhone
		{C33FB34B-DF91-4AD5-9F19-A1B9F84C2FEC}.Debug|iPhone.Build.0 = Debug|iPhone
		{C33FB34B-DF91-4AD5-9F19-A1B9F84C2FEC}.Debug|iPhone.Deploy.0 = Debug|iPhone
		{C33FB34B-DF91-4AD5-9F19-A1B9F84C2FEC}.Debug|iPhoneSimulator.ActiveCfg = Debug|iPhoneSimulator
		{C33FB34B-DF91-4AD5-9F19-A1B9F84C2FEC}.Debug|iPhoneSimulator.Build.0 = Debug|iPhoneSimulator
		{C33FB34B-DF91-4AD5-9F19-A1B9F84C2FEC}.Debug|iPhoneSimulator.Deploy.0 = Debug|iPhoneSimulator
		{C33FB34B-DF91-4AD5-9F19-A1B9F84C2FEC}.Release|Any CPU.ActiveCfg = Release|iPhone
		{C33FB34B-DF91-4AD5-9F19-A1B9F84C2FEC}.Release|Any CPU.Build.0 = Release|iPhone
		{C33FB34B-DF91-4AD5-9F19-A1B9F84C2FEC}.Release|Any CPU.Deploy.0 = Release|iPhone
		{C33FB34B-DF91-4AD5-9F19-A1B9F84C2FEC}.Release|iPhone.ActiveCfg = Release|iPhone
		{C33FB34B-DF91-4AD5-9F19-A1B9F84C2FEC}.Release|iPhone.Build.0 = Release|iPhone
		{C33FB34B-DF91-4AD5-9F19-A1B9F84C2FEC}.Release|iPhone.Deploy.0 = Release|iPhone
		{C33FB34B-DF91-4AD5-9F19-A1B9F84C2FEC}.Release|iPhoneSimulator.ActiveCfg = Release|iPhoneSimulator
		{C33FB34B-DF91-4AD5-9F19-A1B9F84C2FEC}.Release|iPhoneSimulator.Build.0 = Release|iPhoneSimulator
		{C33FB34B-DF91-4AD5-9F19-A1B9F84C2FEC}.Release|iPhoneSimulator.Deploy.0 = Release|iPhoneSimulator
		{454B2225-15AE-4857-A273-EC38FC30A0A1}.Ad-Hoc|Any CPU.ActiveCfg = Debug|Any CPU
		{454B2225-15AE-4857-A273-EC38FC30A0A1}.Ad-Hoc|Any CPU.Build.0 = Debug|Any CPU
		{454B2225-15AE-4857-A273-EC38FC30A0A1}.Ad-Hoc|Any CPU.Deploy.0 = Debug|Any CPU
		{454B2225-15AE-4857-A273-EC38FC30A0A1}.Ad-Hoc|iPhone.ActiveCfg = Debug|Any CPU
		{454B2225-15AE-4857-A273-EC38FC30A0A1}.Ad-Hoc|iPhone.Build.0 = Debug|Any CPU
		{454B2225-15AE-4857-A273-EC38FC30A0A1}.Ad-Hoc|iPhone.Deploy.0 = Debug|Any CPU
		{454B2225-15AE-4857-A273-EC38FC30A0A1}.Ad-Hoc|iPhoneSimulator.ActiveCfg = Debug|Any CPU
		{454B2225-15AE-4857-A273-EC38FC30A0A1}.Ad-Hoc|iPhoneSimulator.Build.0 = Debug|Any CPU
		{454B2225-15AE-4857-A273-EC38FC30A0A1}.Ad-Hoc|iPhoneSimulator.Deploy.0 = Debug|Any CPU
		{454B2225-15AE-4857-A273-EC38FC30A0A1}.AppStore|Any CPU.ActiveCfg = Debug|Any CPU
		{454B2225-15AE-4857-A273-EC38FC30A0A1}.AppStore|Any CPU.Build.0 = Debug|Any CPU
		{454B2225-15AE-4857-A273-EC38FC30A0A1}.AppStore|Any CPU.Deploy.0 = Debug|Any CPU
		{454B2225-15AE-4857-A273-EC38FC30A0A1}.AppStore|iPhone.ActiveCfg = Debug|Any CPU
		{454B2225-15AE-4857-A273-EC38FC30A0A1}.AppStore|iPhone.Build.0 = Debug|Any CPU
		{454B2225-15AE-4857-A273-EC38FC30A0A1}.AppStore|iPhone.Deploy.0 = Debug|Any CPU
		{454B2225-15AE-4857-A273-EC38FC30A0A1}.AppStore|iPhoneSimulator.ActiveCfg = Debug|Any CPU
		{454B2225-15AE-4857-A273-EC38FC30A0A1}.AppStore|iPhoneSimulator.Build.0 = Debug|Any CPU
		{454B2225-15AE-4857-A273-EC38FC30A0A1}.AppStore|iPhoneSimulator.Deploy.0 = Debug|Any CPU
		{454B2225-15AE-4857-A273-EC38FC30A0A1}.Debug|Any CPU.ActiveCfg = Debug|Any CPU
		{454B2225-15AE-4857-A273-EC38FC30A0A1}.Debug|Any CPU.Build.0 = Debug|Any CPU
		{454B2225-15AE-4857-A273-EC38FC30A0A1}.Debug|Any CPU.Deploy.0 = Debug|Any CPU
		{454B2225-15AE-4857-A273-EC38FC30A0A1}.Debug|iPhone.ActiveCfg = Debug|Any CPU
		{454B2225-15AE-4857-A273-EC38FC30A0A1}.Debug|iPhone.Build.0 = Debug|Any CPU
		{454B2225-15AE-4857-A273-EC38FC30A0A1}.Debug|iPhone.Deploy.0 = Debug|Any CPU
		{454B2225-15AE-4857-A273-EC38FC30A0A1}.Debug|iPhoneSimulator.ActiveCfg = Debug|Any CPU
		{454B2225-15AE-4857-A273-EC38FC30A0A1}.Debug|iPhoneSimulator.Build.0 = Debug|Any CPU
		{454B2225-15AE-4857-A273-EC38FC30A0A1}.Debug|iPhoneSimulator.Deploy.0 = Debug|Any CPU
		{454B2225-15AE-4857-A273-EC38FC30A0A1}.Release|Any CPU.ActiveCfg = Release|Any CPU
		{454B2225-15AE-4857-A273-EC38FC30A0A1}.Release|Any CPU.Build.0 = Release|Any CPU
		{454B2225-15AE-4857-A273-EC38FC30A0A1}.Release|Any CPU.Deploy.0 = Release|Any CPU
		{454B2225-15AE-4857-A273-EC38FC30A0A1}.Release|iPhone.ActiveCfg = Release|Any CPU
		{454B2225-15AE-4857-A273-EC38FC30A0A1}.Release|iPhone.Build.0 = Release|Any CPU
		{454B2225-15AE-4857-A273-EC38FC30A0A1}.Release|iPhone.Deploy.0 = Release|Any CPU
		{454B2225-15AE-4857-A273-EC38FC30A0A1}.Release|iPhoneSimulator.ActiveCfg = Release|Any CPU
		{454B2225-15AE-4857-A273-EC38FC30A0A1}.Release|iPhoneSimulator.Build.0 = Release|Any CPU
		{454B2225-15AE-4857-A273-EC38FC30A0A1}.Release|iPhoneSimulator.Deploy.0 = Release|Any CPU
		{B202B64A-8EBC-4072-98B5-8D244CB4550F}.Ad-Hoc|Any CPU.ActiveCfg = Release|Any CPU
		{B202B64A-8EBC-4072-98B5-8D244CB4550F}.Ad-Hoc|Any CPU.Build.0 = Release|Any CPU
		{B202B64A-8EBC-4072-98B5-8D244CB4550F}.Ad-Hoc|iPhone.ActiveCfg = Release|Any CPU
		{B202B64A-8EBC-4072-98B5-8D244CB4550F}.Ad-Hoc|iPhone.Build.0 = Release|Any CPU
		{B202B64A-8EBC-4072-98B5-8D244CB4550F}.Ad-Hoc|iPhoneSimulator.ActiveCfg = Release|Any CPU
		{B202B64A-8EBC-4072-98B5-8D244CB4550F}.Ad-Hoc|iPhoneSimulator.Build.0 = Release|Any CPU
		{B202B64A-8EBC-4072-98B5-8D244CB4550F}.AppStore|Any CPU.ActiveCfg = Release|Any CPU
		{B202B64A-8EBC-4072-98B5-8D244CB4550F}.AppStore|Any CPU.Build.0 = Release|Any CPU
		{B202B64A-8EBC-4072-98B5-8D244CB4550F}.AppStore|iPhone.ActiveCfg = Release|Any CPU
		{B202B64A-8EBC-4072-98B5-8D244CB4550F}.AppStore|iPhone.Build.0 = Release|Any CPU
		{B202B64A-8EBC-4072-98B5-8D244CB4550F}.AppStore|iPhoneSimulator.ActiveCfg = Release|Any CPU
		{B202B64A-8EBC-4072-98B5-8D244CB4550F}.AppStore|iPhoneSimulator.Build.0 = Release|Any CPU
		{B202B64A-8EBC-4072-98B5-8D244CB4550F}.Debug|Any CPU.ActiveCfg = Debug|Any CPU
		{B202B64A-8EBC-4072-98B5-8D244CB4550F}.Debug|Any CPU.Build.0 = Debug|Any CPU
		{B202B64A-8EBC-4072-98B5-8D244CB4550F}.Debug|iPhone.ActiveCfg = Debug|Any CPU
		{B202B64A-8EBC-4072-98B5-8D244CB4550F}.Debug|iPhone.Build.0 = Debug|Any CPU
		{B202B64A-8EBC-4072-98B5-8D244CB4550F}.Debug|iPhoneSimulator.ActiveCfg = Debug|Any CPU
		{B202B64A-8EBC-4072-98B5-8D244CB4550F}.Debug|iPhoneSimulator.Build.0 = Debug|Any CPU
		{B202B64A-8EBC-4072-98B5-8D244CB4550F}.Release|Any CPU.ActiveCfg = Release|Any CPU
		{B202B64A-8EBC-4072-98B5-8D244CB4550F}.Release|Any CPU.Build.0 = Release|Any CPU
		{B202B64A-8EBC-4072-98B5-8D244CB4550F}.Release|iPhone.ActiveCfg = Release|Any CPU
		{B202B64A-8EBC-4072-98B5-8D244CB4550F}.Release|iPhone.Build.0 = Release|Any CPU
		{B202B64A-8EBC-4072-98B5-8D244CB4550F}.Release|iPhoneSimulator.ActiveCfg = Release|Any CPU
		{B202B64A-8EBC-4072-98B5-8D244CB4550F}.Release|iPhoneSimulator.Build.0 = Release|Any CPU
		{CA73E772-1D15-450E-935D-14E76503A6F6}.Ad-Hoc|Any CPU.ActiveCfg = Release|Any CPU
		{CA73E772-1D15-450E-935D-14E76503A6F6}.Ad-Hoc|Any CPU.Build.0 = Release|Any CPU
		{CA73E772-1D15-450E-935D-14E76503A6F6}.Ad-Hoc|iPhone.ActiveCfg = Release|Any CPU
		{CA73E772-1D15-450E-935D-14E76503A6F6}.Ad-Hoc|iPhone.Build.0 = Release|Any CPU
		{CA73E772-1D15-450E-935D-14E76503A6F6}.Ad-Hoc|iPhoneSimulator.ActiveCfg = Release|Any CPU
		{CA73E772-1D15-450E-935D-14E76503A6F6}.Ad-Hoc|iPhoneSimulator.Build.0 = Release|Any CPU
		{CA73E772-1D15-450E-935D-14E76503A6F6}.AppStore|Any CPU.ActiveCfg = Release|Any CPU
		{CA73E772-1D15-450E-935D-14E76503A6F6}.AppStore|Any CPU.Build.0 = Release|Any CPU
		{CA73E772-1D15-450E-935D-14E76503A6F6}.AppStore|iPhone.ActiveCfg = Release|Any CPU
		{CA73E772-1D15-450E-935D-14E76503A6F6}.AppStore|iPhone.Build.0 = Release|Any CPU
		{CA73E772-1D15-450E-935D-14E76503A6F6}.AppStore|iPhoneSimulator.ActiveCfg = Release|Any CPU
		{CA73E772-1D15-450E-935D-14E76503A6F6}.AppStore|iPhoneSimulator.Build.0 = Release|Any CPU
		{CA73E772-1D15-450E-935D-14E76503A6F6}.Debug|Any CPU.ActiveCfg = Debug|Any CPU
		{CA73E772-1D15-450E-935D-14E76503A6F6}.Debug|Any CPU.Build.0 = Debug|Any CPU
		{CA73E772-1D15-450E-935D-14E76503A6F6}.Debug|iPhone.ActiveCfg = Debug|Any CPU
		{CA73E772-1D15-450E-935D-14E76503A6F6}.Debug|iPhone.Build.0 = Debug|Any CPU
		{CA73E772-1D15-450E-935D-14E76503A6F6}.Debug|iPhoneSimulator.ActiveCfg = Debug|Any CPU
		{CA73E772-1D15-450E-935D-14E76503A6F6}.Debug|iPhoneSimulator.Build.0 = Debug|Any CPU
		{CA73E772-1D15-450E-935D-14E76503A6F6}.Release|Any CPU.ActiveCfg = Release|Any CPU
		{CA73E772-1D15-450E-935D-14E76503A6F6}.Release|Any CPU.Build.0 = Release|Any CPU
		{CA73E772-1D15-450E-935D-14E76503A6F6}.Release|iPhone.ActiveCfg = Release|Any CPU
		{CA73E772-1D15-450E-935D-14E76503A6F6}.Release|iPhone.Build.0 = Release|Any CPU
		{CA73E772-1D15-450E-935D-14E76503A6F6}.Release|iPhoneSimulator.ActiveCfg = Release|Any CPU
		{CA73E772-1D15-450E-935D-14E76503A6F6}.Release|iPhoneSimulator.Build.0 = Release|Any CPU
		{CFADA380-B83B-41E6-A03B-533EBAC55C6F}.Ad-Hoc|Any CPU.ActiveCfg = Release|Any CPU
		{CFADA380-B83B-41E6-A03B-533EBAC55C6F}.Ad-Hoc|Any CPU.Build.0 = Release|Any CPU
		{CFADA380-B83B-41E6-A03B-533EBAC55C6F}.Ad-Hoc|iPhone.ActiveCfg = Release|Any CPU
		{CFADA380-B83B-41E6-A03B-533EBAC55C6F}.Ad-Hoc|iPhone.Build.0 = Release|Any CPU
		{CFADA380-B83B-41E6-A03B-533EBAC55C6F}.Ad-Hoc|iPhoneSimulator.ActiveCfg = Release|Any CPU
		{CFADA380-B83B-41E6-A03B-533EBAC55C6F}.Ad-Hoc|iPhoneSimulator.Build.0 = Release|Any CPU
		{CFADA380-B83B-41E6-A03B-533EBAC55C6F}.AppStore|Any CPU.ActiveCfg = Release|Any CPU
		{CFADA380-B83B-41E6-A03B-533EBAC55C6F}.AppStore|Any CPU.Build.0 = Release|Any CPU
		{CFADA380-B83B-41E6-A03B-533EBAC55C6F}.AppStore|iPhone.ActiveCfg = Release|Any CPU
		{CFADA380-B83B-41E6-A03B-533EBAC55C6F}.AppStore|iPhone.Build.0 = Release|Any CPU
		{CFADA380-B83B-41E6-A03B-533EBAC55C6F}.AppStore|iPhoneSimulator.ActiveCfg = Release|Any CPU
		{CFADA380-B83B-41E6-A03B-533EBAC55C6F}.AppStore|iPhoneSimulator.Build.0 = Release|Any CPU
		{CFADA380-B83B-41E6-A03B-533EBAC55C6F}.Debug|Any CPU.ActiveCfg = Debug|Any CPU
		{CFADA380-B83B-41E6-A03B-533EBAC55C6F}.Debug|Any CPU.Build.0 = Debug|Any CPU
		{CFADA380-B83B-41E6-A03B-533EBAC55C6F}.Debug|iPhone.ActiveCfg = Debug|Any CPU
		{CFADA380-B83B-41E6-A03B-533EBAC55C6F}.Debug|iPhone.Build.0 = Debug|Any CPU
		{CFADA380-B83B-41E6-A03B-533EBAC55C6F}.Debug|iPhoneSimulator.ActiveCfg = Debug|Any CPU
		{CFADA380-B83B-41E6-A03B-533EBAC55C6F}.Debug|iPhoneSimulator.Build.0 = Debug|Any CPU
		{CFADA380-B83B-41E6-A03B-533EBAC55C6F}.Release|Any CPU.ActiveCfg = Release|Any CPU
		{CFADA380-B83B-41E6-A03B-533EBAC55C6F}.Release|Any CPU.Build.0 = Release|Any CPU
		{CFADA380-B83B-41E6-A03B-533EBAC55C6F}.Release|iPhone.ActiveCfg = Release|Any CPU
		{CFADA380-B83B-41E6-A03B-533EBAC55C6F}.Release|iPhone.Build.0 = Release|Any CPU
		{CFADA380-B83B-41E6-A03B-533EBAC55C6F}.Release|iPhoneSimulator.ActiveCfg = Release|Any CPU
		{CFADA380-B83B-41E6-A03B-533EBAC55C6F}.Release|iPhoneSimulator.Build.0 = Release|Any CPU
		{901B47A5-2C13-4E8D-9F53-49EA8F4B0AA3}.Ad-Hoc|Any CPU.ActiveCfg = Release|Any CPU
		{901B47A5-2C13-4E8D-9F53-49EA8F4B0AA3}.Ad-Hoc|Any CPU.Build.0 = Release|Any CPU
		{901B47A5-2C13-4E8D-9F53-49EA8F4B0AA3}.Ad-Hoc|iPhone.ActiveCfg = Release|Any CPU
		{901B47A5-2C13-4E8D-9F53-49EA8F4B0AA3}.Ad-Hoc|iPhone.Build.0 = Release|Any CPU
		{901B47A5-2C13-4E8D-9F53-49EA8F4B0AA3}.Ad-Hoc|iPhoneSimulator.ActiveCfg = Release|Any CPU
		{901B47A5-2C13-4E8D-9F53-49EA8F4B0AA3}.Ad-Hoc|iPhoneSimulator.Build.0 = Release|Any CPU
		{901B47A5-2C13-4E8D-9F53-49EA8F4B0AA3}.AppStore|Any CPU.ActiveCfg = Release|Any CPU
		{901B47A5-2C13-4E8D-9F53-49EA8F4B0AA3}.AppStore|Any CPU.Build.0 = Release|Any CPU
		{901B47A5-2C13-4E8D-9F53-49EA8F4B0AA3}.AppStore|iPhone.ActiveCfg = Release|Any CPU
		{901B47A5-2C13-4E8D-9F53-49EA8F4B0AA3}.AppStore|iPhone.Build.0 = Release|Any CPU
		{901B47A5-2C13-4E8D-9F53-49EA8F4B0AA3}.AppStore|iPhoneSimulator.ActiveCfg = Release|Any CPU
		{901B47A5-2C13-4E8D-9F53-49EA8F4B0AA3}.AppStore|iPhoneSimulator.Build.0 = Release|Any CPU
		{901B47A5-2C13-4E8D-9F53-49EA8F4B0AA3}.Debug|Any CPU.ActiveCfg = Debug|Any CPU
		{901B47A5-2C13-4E8D-9F53-49EA8F4B0AA3}.Debug|Any CPU.Build.0 = Debug|Any CPU
		{901B47A5-2C13-4E8D-9F53-49EA8F4B0AA3}.Debug|iPhone.ActiveCfg = Debug|Any CPU
		{901B47A5-2C13-4E8D-9F53-49EA8F4B0AA3}.Debug|iPhone.Build.0 = Debug|Any CPU
		{901B47A5-2C13-4E8D-9F53-49EA8F4B0AA3}.Debug|iPhoneSimulator.ActiveCfg = Debug|Any CPU
		{901B47A5-2C13-4E8D-9F53-49EA8F4B0AA3}.Debug|iPhoneSimulator.Build.0 = Debug|Any CPU
		{901B47A5-2C13-4E8D-9F53-49EA8F4B0AA3}.Release|Any CPU.ActiveCfg = Release|Any CPU
		{901B47A5-2C13-4E8D-9F53-49EA8F4B0AA3}.Release|Any CPU.Build.0 = Release|Any CPU
		{901B47A5-2C13-4E8D-9F53-49EA8F4B0AA3}.Release|iPhone.ActiveCfg = Release|Any CPU
		{901B47A5-2C13-4E8D-9F53-49EA8F4B0AA3}.Release|iPhone.Build.0 = Release|Any CPU
		{901B47A5-2C13-4E8D-9F53-49EA8F4B0AA3}.Release|iPhoneSimulator.ActiveCfg = Release|Any CPU
		{901B47A5-2C13-4E8D-9F53-49EA8F4B0AA3}.Release|iPhoneSimulator.Build.0 = Release|Any CPU
	EndGlobalSection
	GlobalSection(SolutionProperties) = preSolution
		HideSolutionNode = FALSE
	EndGlobalSection
	GlobalSection(ExtensibilityGlobals) = postSolution
		SolutionGuid = {5B5CEA27-CD6C-4EFA-A4F6-8962E92CAB25}
	EndGlobalSection
EndGlobal
